# This file is automatically @generated by Cargo.
# It is not intended for manual editing.
version = 4

[[package]]
name = "nokv-fs-layout"
version = "0.1.0"
dependencies = [
 "nokv-fs-model",
]

[[package]]
name = "nokv-fs-metastore"
version = "0.1.0"
dependencies = [
 "nokv-fs-model",
]

[[package]]
name = "nokv-fs-model"
version = "0.1.0"
